// !$*UTF8*$!
{
	archiveVersion = 1;
	classes = {
	};
	objectVersion = 56;
	objects = {

/* Begin PBXBuildFile section */
		0D4D15D68227E6E9C3F0645C /* OCRService.swift in Sources */ = {isa = PBXBuildFile; fileRef = 568BF6AAA0CC98F18CB54E82 /* OCRService.swift */; };
		1100000000000001 /* DevFlowApp.swift in Sources */ = {isa = PBXBuildFile; fileRef = 2100000000000001 /* DevFlowApp.swift */; };
		1100000000000002 /* ContentView.swift in Sources */ = {isa = PBXBuildFile; fileRef = 2100000000000002 /* ContentView.swift */; };
		1100000000000010 /* Project.swift in Sources */ = {isa = PBXBuildFile; fileRef = 2100000000000010 /* Project.swift */; };
		1100000000000011 /* InfraStatus.swift in Sources */ = {isa = PBXBuildFile; fileRef = 2100000000000011 /* InfraStatus.swift */; };
		1100000000000012 /* GlobalConfig.swift in Sources */ = {isa = PBXBuildFile; fileRef = 2100000000000012 /* GlobalConfig.swift */; };
		1100000000000013 /* Notification.swift in Sources */ = {isa = PBXBuildFile; fileRef = 2100000000000013 /* Notification.swift */; };
		1100000000000014 /* Database.swift in Sources */ = {isa = PBXBuildFile; fileRef = 2100000000000014 /* Database.swift */; };
		1100000000000020 /* AppState.swift in Sources */ = {isa = PBXBuildFile; fileRef = 2100000000000020 /* AppState.swift */; };
		1100000000000030 /* PythonBridge.swift in Sources */ = {isa = PBXBuildFile; fileRef = 2100000000000030 /* PythonBridge.swift */; };
		1100000000000031 /* RpcClient.swift in Sources */ = {isa = PBXBuildFile; fileRef = 2100000000000031 /* RpcClient.swift */; };
		1100000000000040 /* DashboardView.swift in Sources */ = {isa = PBXBuildFile; fileRef = 2100000000000040 /* DashboardView.swift */; };
		1100000000000050 /* InfrastructureView.swift in Sources */ = {isa = PBXBuildFile; fileRef = 2100000000000050 /* InfrastructureView.swift */; };
		1100000000000060 /* ProjectsView.swift in Sources */ = {isa = PBXBuildFile; fileRef = 2100000000000060 /* ProjectsView.swift */; };
		1100000000000061 /* ProjectDetailView.swift in Sources */ = {isa = PBXBuildFile; fileRef = 2100000000000061 /* ProjectDetailView.swift */; };
		1100000000000070 /* SecretsView.swift in Sources */ = {isa = PBXBuildFile; fileRef = 2100000000000070 /* SecretsView.swift */; };
		1100000000000075 /* DatabaseView.swift in Sources */ = {isa = PBXBuildFile; fileRef = 2100000000000075 /* DatabaseView.swift */; };
		1100000000000080 /* ConfigView.swift in Sources */ = {isa = PBXBuildFile; fileRef = 2100000000000080 /* ConfigView.swift */; };
		1100000000000090 /* StatusBadge.swift in Sources */ = {isa = PBXBuildFile; fileRef = 2100000000000090 /* StatusBadge.swift */; };
		1100000000000091 /* StatCard.swift in Sources */ = {isa = PBXBuildFile; fileRef = 2100000000000091 /* StatCard.swift */; };
		1100000000000092 /* NotificationBanner.swift in Sources */ = {isa = PBXBuildFile; fileRef = 2100000000000092 /* NotificationBanner.swift */; };
		1100000000000093 /* AddProjectSheet.swift in Sources */ = {isa = PBXBuildFile; fileRef = 2100000000000093 /* AddProjectSheet.swift */; };
		1100000000000100 /* Assets.xcassets in Resources */ = {isa = PBXBuildFile; fileRef = 2100000000000100 /* Assets.xcassets */; };
		1100000000000200 /* RpcClientTests.swift in Sources */ = {isa = PBXBuildFile; fileRef = 2100000000000200 /* RpcClientTests.swift */; };
		1100000000000201 /* ModelTests.swift in Sources */ = {isa = PBXBuildFile; fileRef = 2100000000000201 /* ModelTests.swift */; };
		1100000000000300 /* DevFlowUITests.swift in Sources */ = {isa = PBXBuildFile; fileRef = 2100000000000300 /* DevFlowUITests.swift */; };
		1100000000000400 /* Subprocess in Frameworks */ = {isa = PBXBuildFile; productRef = 3100000000000001 /* Subprocess */; };
		1100000000001001 /* BrowsableTool.swift in Sources */ = {isa = PBXBuildFile; fileRef = 2100000000001001 /* BrowsableTool.swift */; };
		1100000000001010 /* ToolBrowserView.swift in Sources */ = {isa = PBXBuildFile; fileRef = 2100000000001010 /* ToolBrowserView.swift */; };
		1100000000001011 /* ToolSearchBar.swift in Sources */ = {isa = PBXBuildFile; fileRef = 2100000000001011 /* ToolSearchBar.swift */; };
		1100000000001012 /* ToolFilterSheet.swift in Sources */ = {isa = PBXBuildFile; fileRef = 2100000000001012 /* ToolFilterSheet.swift */; };
		1100000000001013 /* ToolCard.swift in Sources */ = {isa = PBXBuildFile; fileRef = 2100000000001013 /* ToolCard.swift */; };
		1100000000001014 /* ToolDetailSheet.swift in Sources */ = {isa = PBXBuildFile; fileRef = 2100000000001014 /* ToolDetailSheet.swift */; };
		1100000000002001 /* Domain.swift in Sources */ = {isa = PBXBuildFile; fileRef = 2100000000002001 /* Domain.swift */; };
		1100000000002010 /* AddDomainSheet.swift in Sources */ = {isa = PBXBuildFile; fileRef = 2100000000002010 /* AddDomainSheet.swift */; };
		1100000000003001 /* NotificationState.swift in Sources */ = {isa = PBXBuildFile; fileRef = 2100000000003001 /* NotificationState.swift */; };
		1100000000003002 /* ConnectionState.swift in Sources */ = {isa = PBXBuildFile; fileRef = 2100000000003002 /* ConnectionState.swift */; };
		1100000000003003 /* InfrastructureState.swift in Sources */ = {isa = PBXBuildFile; fileRef = 2100000000003003 /* InfrastructureState.swift */; };
		1100000000003004 /* ProjectsState.swift in Sources */ = {isa = PBXBuildFile; fileRef = 2100000000003004 /* ProjectsState.swift */; };
		1100000000003005 /* SecretsState.swift in Sources */ = {isa = PBXBuildFile; fileRef = 2100000000003005 /* SecretsState.swift */; };
		1100000000003006 /* DatabaseState.swift in Sources */ = {isa = PBXBuildFile; fileRef = 2100000000003006 /* DatabaseState.swift */; };
		1100000000003007 /* TemplatesState.swift in Sources */ = {isa = PBXBuildFile; fileRef = 2100000000003007 /* TemplatesState.swift */; };
		1100000000003008 /* SetupState.swift in Sources */ = {isa = PBXBuildFile; fileRef = 2100000000003008 /* SetupState.swift */; };
		1100000000003009 /* ToolBrowserState.swift in Sources */ = {isa = PBXBuildFile; fileRef = 2100000000003009 /* ToolBrowserState.swift */; };
		1100000000003010 /* ConfigState.swift in Sources */ = {isa = PBXBuildFile; fileRef = 2100000000003010 /* ConfigState.swift */; };
		1100000000003011 /* LogsState.swift in Sources */ = {isa = PBXBuildFile; fileRef = 2100000000003011 /* LogsState.swift */; };
		1100000000004001 /* LogEntry.swift in Sources */ = {isa = PBXBuildFile; fileRef = 2100000000004001 /* LogEntry.swift */; };
		1100000000004002 /* OperationResult.swift in Sources */ = {isa = PBXBuildFile; fileRef = 2100000000004002 /* OperationResult.swift */; };
		1100000000004010 /* LogViewerView.swift in Sources */ = {isa = PBXBuildFile; fileRef = 2100000000004010 /* LogViewerView.swift */; };
		1100000000005001 /* Command.swift in Sources */ = {isa = PBXBuildFile; fileRef = 2100000000005001 /* Command.swift */; };
		1100000000005010 /* CommandPaletteView.swift in Sources */ = {isa = PBXBuildFile; fileRef = 2100000000005010 /* CommandPaletteView.swift */; };
		1100000000006001 /* ServicesGridView.swift in Sources */ = {isa = PBXBuildFile; fileRef = 2100000000006001 /* ServicesGridView.swift */; };
		1100000000006002 /* PortsTableView.swift in Sources */ = {isa = PBXBuildFile; fileRef = 2100000000006002 /* PortsTableView.swift */; };
		1100000000006003 /* VolumesTableView.swift in Sources */ = {isa = PBXBuildFile; fileRef = 2100000000006003 /* VolumesTableView.swift */; };
		1100000000007001 /* AppearanceSettingsView.swift in Sources */ = {isa = PBXBuildFile; fileRef = 2100000000007001 /* AppearanceSettingsView.swift */; };
		1100000000007002 /* KeyboardShortcutsView.swift in Sources */ = {isa = PBXBuildFile; fileRef = 2100000000007002 /* KeyboardShortcutsView.swift */; };
		1100000000007003 /* DataManagementView.swift in Sources */ = {isa = PBXBuildFile; fileRef = 2100000000007003 /* DataManagementView.swift */; };
		1100000000008001 /* AIAgent.swift in Sources */ = {isa = PBXBuildFile; fileRef = 2100000000008001 /* AIAgent.swift */; };
		1100000000008002 /* Documentation.swift in Sources */ = {isa = PBXBuildFile; fileRef = 2100000000008002 /* Documentation.swift */; };
		1100000000008003 /* ComponentDoc.swift in Sources */ = {isa = PBXBuildFile; fileRef = 2100000000008003 /* ComponentDoc.swift */; };
		1100000000008010 /* AgentsState.swift in Sources */ = {isa = PBXBuildFile; fileRef = 2100000000008010 /* AgentsState.swift */; };
		1100000000008011 /* DocsState.swift in Sources */ = {isa = PBXBuildFile; fileRef = 2100000000008011 /* DocsState.swift */; };
		1100000000008012 /* ComponentsState.swift in Sources */ = {isa = PBXBuildFile; fileRef = 2100000000008012 /* ComponentsState.swift */; };
		1100000000008020 /* AgentBrowserView.swift in Sources */ = {isa = PBXBuildFile; fileRef = 2100000000008020 /* AgentBrowserView.swift */; };
		1100000000008021 /* AgentCard.swift in Sources */ = {isa = PBXBuildFile; fileRef = 2100000000008021 /* AgentCard.swift */; };
		1100000000008022 /* AgentDetailSheet.swift in Sources */ = {isa = PBXBuildFile; fileRef = 2100000000008022 /* AgentDetailSheet.swift */; };
		1100000000008023 /* ApiKeyConfigSheet.swift in Sources */ = {isa = PBXBuildFile; fileRef = 2100000000008023 /* ApiKeyConfigSheet.swift */; };
		1100000000008030 /* DocsView.swift in Sources */ = {isa = PBXBuildFile; fileRef = 2100000000008030 /* DocsView.swift */; };
		1100000000008031 /* DocUploadSheet.swift in Sources */ = {isa = PBXBuildFile; fileRef = 2100000000008031 /* DocUploadSheet.swift */; };
		1100000000008032 /* DocDetailView.swift in Sources */ = {isa = PBXBuildFile; fileRef = 2100000000008032 /* DocDetailView.swift */; };
		1100000000008040 /* ComponentDocsView.swift in Sources */ = {isa = PBXBuildFile; fileRef = 2100000000008040 /* ComponentDocsView.swift */; };
		1100000000008041 /* ComponentDetailView.swift in Sources */ = {isa = PBXBuildFile; fileRef = 2100000000008041 /* ComponentDetailView.swift */; };
		1100000000008042 /* ComponentEditorSheet.swift in Sources */ = {isa = PBXBuildFile; fileRef = 2100000000008042 /* ComponentEditorSheet.swift */; };
		12AB718A6B06529ED7B1B733 /* AIState.swift in Sources */ = {isa = PBXBuildFile; fileRef = 170594A753CB875BC0B4CBEE /* AIState.swift */; };
		2E9639F3021103DB81653F59 /* SetupWizardView.swift in Sources */ = {isa = PBXBuildFile; fileRef = 152F1B5B5ED27CC92FD09FA7 /* SetupWizardView.swift */; };
		3971216B6A2CE9FD40111A95 /* NewProjectWizardView.swift in Sources */ = {isa = PBXBuildFile; fileRef = 4A27B590A46B0A92600B5CAC /* NewProjectWizardView.swift */; };
		4163FDF664885A7B3B472A1D /* DoctorModels.swift in Sources */ = {isa = PBXBuildFile; fileRef = B711617BA2B50573A8C7F8F8 /* DoctorModels.swift */; };
		4A23371FBAADC09B0B8E52A9 /* CodeSearchView.swift in Sources */ = {isa = PBXBuildFile; fileRef = EB43F37ABCFB6E688549AAE1 /* CodeSearchView.swift */; };
		4F6497EC06D0ECA1ACFAF2BE /* ScanDocumentSheet.swift in Sources */ = {isa = PBXBuildFile; fileRef = 16D3BDD6D54B834FF3241766 /* ScanDocumentSheet.swift */; };
		87C2C6786A4A5F1AE69C0B7F /* DoctorSheet.swift in Sources */ = {isa = PBXBuildFile; fileRef = 7E4148E15DF478232CD29BC3 /* DoctorSheet.swift */; };
		91BC50FECB0198B033F4ED2B /* Template.swift in Sources */ = {isa = PBXBuildFile; fileRef = 13A9E1029E6F7DBBCB11F108 /* Template.swift */; };
		975839A8B6C9AD1F65D1A338 /* TemplateBrowserView.swift in Sources */ = {isa = PBXBuildFile; fileRef = 266C9DEA5EC9731B495D1EB1 /* TemplateBrowserView.swift */; };
		A035C9588EC437B3D3EFC007 /* WizardStepView.swift in Sources */ = {isa = PBXBuildFile; fileRef = 263FE3347FA8A538F6FC0A7E /* WizardStepView.swift */; };
		AEA1BA3A9E682D4CAC959235 /* PrivilegedInstaller.swift in Sources */ = {isa = PBXBuildFile; fileRef = CE8BBDCE3DF7A909FD7CB582 /* PrivilegedInstaller.swift */; };
		B402420924A075F145404F49 /* AIModels.swift in Sources */ = {isa = PBXBuildFile; fileRef = 88898C2FC982D40F8CFE81DB /* AIModels.swift */; };
		B7544245E7AD74BD3DA01432 /* ToolCheckView.swift in Sources */ = {isa = PBXBuildFile; fileRef = CDFCACEDD4945DB1F46E4DEE /* ToolCheckView.swift */; };
		BD5F5B796DB2D96735417AC1 /* ToolInstallRow.swift in Sources */ = {isa = PBXBuildFile; fileRef = 2EEA153EE422D8CCCF0B8CCF /* ToolInstallRow.swift */; };
		BDF74396B681730D0A1E7AC1 /* Tool.swift in Sources */ = {isa = PBXBuildFile; fileRef = F14FFD82DD2B7CD871F445DD /* Tool.swift */; };
		C0110A2B8883315C46471D0A /* WebFetchSheet.swift in Sources */ = {isa = PBXBuildFile; fileRef = 64401E396FFCC5FDEC9BADB4 /* WebFetchSheet.swift */; };
		C101AB5DA2C4265F37665A0C /* CodeState.swift in Sources */ = {isa = PBXBuildFile; fileRef = 048F5A60214A77868C9FFEC0 /* CodeState.swift */; };
		C3A5D7D6E3E88B2809953A74 /* TemplateSelectionView.swift in Sources */ = {isa = PBXBuildFile; fileRef = 4767747AF743E827243BF421 /* TemplateSelectionView.swift */; };
		D52C4B8C554C2FAAA9300A2B /* ImportTemplateSheet.swift in Sources */ = {isa = PBXBuildFile; fileRef = DD63F32E3DECD1FD1C72E47B /* ImportTemplateSheet.swift */; };
		D78846EFFFE2128DB5B2A9AB /* AIStatusIndicator.swift in Sources */ = {isa = PBXBuildFile; fileRef = 5D44CDE3D5E684BD19BC1F1C /* AIStatusIndicator.swift */; };
		D7897D15277190A3D2A3FA4D /* CodeEntity.swift in Sources */ = {isa = PBXBuildFile; fileRef = 0102384BA6456E0E115FD333 /* CodeEntity.swift */; };
		D8F3946F8BAE781EFCECE1EA /* DoctorState.swift in Sources */ = {isa = PBXBuildFile; fileRef = 2F5C2CC187D00965B35B26CE /* DoctorState.swift */; };
/* End PBXBuildFile section */

/* Begin PBXContainerItemProxy section */
		4100000000000001 /* PBXContainerItemProxy */ = {
			isa = PBXContainerItemProxy;
			containerPortal = 0100000000000001 /* Project object */;
			proxyType = 1;
			remoteGlobalIDString = 5100000000000001;
			remoteInfo = DevFlow;
		};
		4100000000000002 /* PBXContainerItemProxy */ = {
			isa = PBXContainerItemProxy;
			containerPortal = 0100000000000001 /* Project object */;
			proxyType = 1;
			remoteGlobalIDString = 5100000000000001;
			remoteInfo = DevFlow;
		};
/* End PBXContainerItemProxy section */

/* Begin PBXFileReference section */
		0102384BA6456E0E115FD333 /* CodeEntity.swift */ = {isa = PBXFileReference; includeInIndex = 1; lastKnownFileType = sourcecode.swift; path = CodeEntity.swift; sourceTree = "<group>"; };
		048F5A60214A77868C9FFEC0 /* CodeState.swift */ = {isa = PBXFileReference; includeInIndex = 1; lastKnownFileType = sourcecode.swift; path = CodeState.swift; sourceTree = "<group>"; };
		13A9E1029E6F7DBBCB11F108 /* Template.swift */ = {isa = PBXFileReference; includeInIndex = 1; lastKnownFileType = sourcecode.swift; path = Template.swift; sourceTree = "<group>"; };
		152F1B5B5ED27CC92FD09FA7 /* SetupWizardView.swift */ = {isa = PBXFileReference; includeInIndex = 1; lastKnownFileType = sourcecode.swift; path = SetupWizardView.swift; sourceTree = "<group>"; };
		16D3BDD6D54B834FF3241766 /* ScanDocumentSheet.swift */ = {isa = PBXFileReference; includeInIndex = 1; lastKnownFileType = sourcecode.swift; path = ScanDocumentSheet.swift; sourceTree = "<group>"; };
		170594A753CB875BC0B4CBEE /* AIState.swift */ = {isa = PBXFileReference; includeInIndex = 1; lastKnownFileType = sourcecode.swift; path = AIState.swift; sourceTree = "<group>"; };
		2100000000000001 /* DevFlowApp.swift */ = {isa = PBXFileReference; lastKnownFileType = sourcecode.swift; path = DevFlowApp.swift; sourceTree = "<group>"; };
		2100000000000002 /* ContentView.swift */ = {isa = PBXFileReference; lastKnownFileType = sourcecode.swift; path = ContentView.swift; sourceTree = "<group>"; };
		2100000000000010 /* Project.swift */ = {isa = PBXFileReference; lastKnownFileType = sourcecode.swift; path = Project.swift; sourceTree = "<group>"; };
		2100000000000011 /* InfraStatus.swift */ = {isa = PBXFileReference; lastKnownFileType = sourcecode.swift; path = InfraStatus.swift; sourceTree = "<group>"; };
		2100000000000012 /* GlobalConfig.swift */ = {isa = PBXFileReference; lastKnownFileType = sourcecode.swift; path = GlobalConfig.swift; sourceTree = "<group>"; };
		2100000000000013 /* Notification.swift */ = {isa = PBXFileReference; lastKnownFileType = sourcecode.swift; path = Notification.swift; sourceTree = "<group>"; };
		2100000000000014 /* Database.swift */ = {isa = PBXFileReference; lastKnownFileType = sourcecode.swift; path = Database.swift; sourceTree = "<group>"; };
		2100000000000020 /* AppState.swift */ = {isa = PBXFileReference; lastKnownFileType = sourcecode.swift; path = AppState.swift; sourceTree = "<group>"; };
		2100000000000030 /* PythonBridge.swift */ = {isa = PBXFileReference; lastKnownFileType = sourcecode.swift; path = PythonBridge.swift; sourceTree = "<group>"; };
		2100000000000031 /* RpcClient.swift */ = {isa = PBXFileReference; lastKnownFileType = sourcecode.swift; path = RpcClient.swift; sourceTree = "<group>"; };
		2100000000000040 /* DashboardView.swift */ = {isa = PBXFileReference; lastKnownFileType = sourcecode.swift; path = DashboardView.swift; sourceTree = "<group>"; };
		2100000000000050 /* InfrastructureView.swift */ = {isa = PBXFileReference; lastKnownFileType = sourcecode.swift; path = InfrastructureView.swift; sourceTree = "<group>"; };
		2100000000000060 /* ProjectsView.swift */ = {isa = PBXFileReference; lastKnownFileType = sourcecode.swift; path = ProjectsView.swift; sourceTree = "<group>"; };
		2100000000000061 /* ProjectDetailView.swift */ = {isa = PBXFileReference; lastKnownFileType = sourcecode.swift; path = ProjectDetailView.swift; sourceTree = "<group>"; };
		2100000000000070 /* SecretsView.swift */ = {isa = PBXFileReference; lastKnownFileType = sourcecode.swift; path = SecretsView.swift; sourceTree = "<group>"; };
		2100000000000075 /* DatabaseView.swift */ = {isa = PBXFileReference; lastKnownFileType = sourcecode.swift; path = DatabaseView.swift; sourceTree = "<group>"; };
		2100000000000080 /* ConfigView.swift */ = {isa = PBXFileReference; lastKnownFileType = sourcecode.swift; path = ConfigView.swift; sourceTree = "<group>"; };
		2100000000000090 /* StatusBadge.swift */ = {isa = PBXFileReference; lastKnownFileType = sourcecode.swift; path = StatusBadge.swift; sourceTree = "<group>"; };
		2100000000000091 /* StatCard.swift */ = {isa = PBXFileReference; lastKnownFileType = sourcecode.swift; path = StatCard.swift; sourceTree = "<group>"; };
		2100000000000092 /* NotificationBanner.swift */ = {isa = PBXFileReference; lastKnownFileType = sourcecode.swift; path = NotificationBanner.swift; sourceTree = "<group>"; };
		2100000000000093 /* AddProjectSheet.swift */ = {isa = PBXFileReference; lastKnownFileType = sourcecode.swift; path = AddProjectSheet.swift; sourceTree = "<group>"; };
		2100000000000100 /* Assets.xcassets */ = {isa = PBXFileReference; lastKnownFileType = folder.assetcatalog; path = Assets.xcassets; sourceTree = "<group>"; };
		2100000000000101 /* Info.plist */ = {isa = PBXFileReference; lastKnownFileType = text.plist.xml; path = Info.plist; sourceTree = "<group>"; };
		2100000000000102 /* DevFlow.entitlements */ = {isa = PBXFileReference; lastKnownFileType = text.plist.entitlements; path = DevFlow.entitlements; sourceTree = "<group>"; };
		2100000000000200 /* RpcClientTests.swift */ = {isa = PBXFileReference; lastKnownFileType = sourcecode.swift; path = RpcClientTests.swift; sourceTree = "<group>"; };
		2100000000000201 /* ModelTests.swift */ = {isa = PBXFileReference; lastKnownFileType = sourcecode.swift; path = ModelTests.swift; sourceTree = "<group>"; };
		2100000000000300 /* DevFlowUITests.swift */ = {isa = PBXFileReference; lastKnownFileType = sourcecode.swift; path = DevFlowUITests.swift; sourceTree = "<group>"; };
		2100000000001001 /* BrowsableTool.swift */ = {isa = PBXFileReference; lastKnownFileType = sourcecode.swift; path = BrowsableTool.swift; sourceTree = "<group>"; };
		2100000000001010 /* ToolBrowserView.swift */ = {isa = PBXFileReference; lastKnownFileType = sourcecode.swift; path = ToolBrowserView.swift; sourceTree = "<group>"; };
		2100000000001011 /* ToolSearchBar.swift */ = {isa = PBXFileReference; lastKnownFileType = sourcecode.swift; path = ToolSearchBar.swift; sourceTree = "<group>"; };
		2100000000001012 /* ToolFilterSheet.swift */ = {isa = PBXFileReference; lastKnownFileType = sourcecode.swift; path = ToolFilterSheet.swift; sourceTree = "<group>"; };
		2100000000001013 /* ToolCard.swift */ = {isa = PBXFileReference; lastKnownFileType = sourcecode.swift; path = ToolCard.swift; sourceTree = "<group>"; };
		2100000000001014 /* ToolDetailSheet.swift */ = {isa = PBXFileReference; lastKnownFileType = sourcecode.swift; path = ToolDetailSheet.swift; sourceTree = "<group>"; };
		2100000000002001 /* Domain.swift */ = {isa = PBXFileReference; lastKnownFileType = sourcecode.swift; path = Domain.swift; sourceTree = "<group>"; };
		2100000000002010 /* AddDomainSheet.swift */ = {isa = PBXFileReference; lastKnownFileType = sourcecode.swift; path = AddDomainSheet.swift; sourceTree = "<group>"; };
		2100000000003001 /* NotificationState.swift */ = {isa = PBXFileReference; lastKnownFileType = sourcecode.swift; path = NotificationState.swift; sourceTree = "<group>"; };
		2100000000003002 /* ConnectionState.swift */ = {isa = PBXFileReference; lastKnownFileType = sourcecode.swift; path = ConnectionState.swift; sourceTree = "<group>"; };
		2100000000003003 /* InfrastructureState.swift */ = {isa = PBXFileReference; lastKnownFileType = sourcecode.swift; path = InfrastructureState.swift; sourceTree = "<group>"; };
		2100000000003004 /* ProjectsState.swift */ = {isa = PBXFileReference; lastKnownFileType = sourcecode.swift; path = ProjectsState.swift; sourceTree = "<group>"; };
		2100000000003005 /* SecretsState.swift */ = {isa = PBXFileReference; lastKnownFileType = sourcecode.swift; path = SecretsState.swift; sourceTree = "<group>"; };
		2100000000003006 /* DatabaseState.swift */ = {isa = PBXFileReference; lastKnownFileType = sourcecode.swift; path = DatabaseState.swift; sourceTree = "<group>"; };
		2100000000003007 /* TemplatesState.swift */ = {isa = PBXFileReference; lastKnownFileType = sourcecode.swift; path = TemplatesState.swift; sourceTree = "<group>"; };
		2100000000003008 /* SetupState.swift */ = {isa = PBXFileReference; lastKnownFileType = sourcecode.swift; path = SetupState.swift; sourceTree = "<group>"; };
		2100000000003009 /* ToolBrowserState.swift */ = {isa = PBXFileReference; lastKnownFileType = sourcecode.swift; path = ToolBrowserState.swift; sourceTree = "<group>"; };
		2100000000003010 /* ConfigState.swift */ = {isa = PBXFileReference; lastKnownFileType = sourcecode.swift; path = ConfigState.swift; sourceTree = "<group>"; };
		2100000000003011 /* LogsState.swift */ = {isa = PBXFileReference; lastKnownFileType = sourcecode.swift; path = LogsState.swift; sourceTree = "<group>"; };
		2100000000004001 /* LogEntry.swift */ = {isa = PBXFileReference; lastKnownFileType = sourcecode.swift; path = LogEntry.swift; sourceTree = "<group>"; };
		2100000000004002 /* OperationResult.swift */ = {isa = PBXFileReference; lastKnownFileType = sourcecode.swift; path = OperationResult.swift; sourceTree = "<group>"; };
		2100000000004010 /* LogViewerView.swift */ = {isa = PBXFileReference; lastKnownFileType = sourcecode.swift; path = LogViewerView.swift; sourceTree = "<group>"; };
		2100000000005001 /* Command.swift */ = {isa = PBXFileReference; lastKnownFileType = sourcecode.swift; path = Command.swift; sourceTree = "<group>"; };
		2100000000005010 /* CommandPaletteView.swift */ = {isa = PBXFileReference; lastKnownFileType = sourcecode.swift; path = CommandPaletteView.swift; sourceTree = "<group>"; };
		2100000000006001 /* ServicesGridView.swift */ = {isa = PBXFileReference; lastKnownFileType = sourcecode.swift; path = ServicesGridView.swift; sourceTree = "<group>"; };
		2100000000006002 /* PortsTableView.swift */ = {isa = PBXFileReference; lastKnownFileType = sourcecode.swift; path = PortsTableView.swift; sourceTree = "<group>"; };
		2100000000006003 /* VolumesTableView.swift */ = {isa = PBXFileReference; lastKnownFileType = sourcecode.swift; path = VolumesTableView.swift; sourceTree = "<group>"; };
		2100000000007001 /* AppearanceSettingsView.swift */ = {isa = PBXFileReference; lastKnownFileType = sourcecode.swift; path = AppearanceSettingsView.swift; sourceTree = "<group>"; };
		2100000000007002 /* KeyboardShortcutsView.swift */ = {isa = PBXFileReference; lastKnownFileType = sourcecode.swift; path = KeyboardShortcutsView.swift; sourceTree = "<group>"; };
		2100000000007003 /* DataManagementView.swift */ = {isa = PBXFileReference; lastKnownFileType = sourcecode.swift; path = DataManagementView.swift; sourceTree = "<group>"; };
		2100000000008001 /* AIAgent.swift */ = {isa = PBXFileReference; lastKnownFileType = sourcecode.swift; path = AIAgent.swift; sourceTree = "<group>"; };
		2100000000008002 /* Documentation.swift */ = {isa = PBXFileReference; lastKnownFileType = sourcecode.swift; path = Documentation.swift; sourceTree = "<group>"; };
		2100000000008003 /* ComponentDoc.swift */ = {isa = PBXFileReference; lastKnownFileType = sourcecode.swift; path = ComponentDoc.swift; sourceTree = "<group>"; };
		2100000000008010 /* AgentsState.swift */ = {isa = PBXFileReference; lastKnownFileType = sourcecode.swift; path = AgentsState.swift; sourceTree = "<group>"; };
		2100000000008011 /* DocsState.swift */ = {isa = PBXFileReference; lastKnownFileType = sourcecode.swift; path = DocsState.swift; sourceTree = "<group>"; };
		2100000000008012 /* ComponentsState.swift */ = {isa = PBXFileReference; lastKnownFileType = sourcecode.swift; path = ComponentsState.swift; sourceTree = "<group>"; };
		2100000000008020 /* AgentBrowserView.swift */ = {isa = PBXFileReference; lastKnownFileType = sourcecode.swift; path = AgentBrowserView.swift; sourceTree = "<group>"; };
		2100000000008021 /* AgentCard.swift */ = {isa = PBXFileReference; lastKnownFileType = sourcecode.swift; path = AgentCard.swift; sourceTree = "<group>"; };
		2100000000008022 /* AgentDetailSheet.swift */ = {isa = PBXFileReference; lastKnownFileType = sourcecode.swift; path = AgentDetailSheet.swift; sourceTree = "<group>"; };
		2100000000008023 /* ApiKeyConfigSheet.swift */ = {isa = PBXFileReference; lastKnownFileType = sourcecode.swift; path = ApiKeyConfigSheet.swift; sourceTree = "<group>"; };
		2100000000008030 /* DocsView.swift */ = {isa = PBXFileReference; lastKnownFileType = sourcecode.swift; path = DocsView.swift; sourceTree = "<group>"; };
		2100000000008031 /* DocUploadSheet.swift */ = {isa = PBXFileReference; lastKnownFileType = sourcecode.swift; path = DocUploadSheet.swift; sourceTree = "<group>"; };
		2100000000008032 /* DocDetailView.swift */ = {isa = PBXFileReference; lastKnownFileType = sourcecode.swift; path = DocDetailView.swift; sourceTree = "<group>"; };
		2100000000008040 /* ComponentDocsView.swift */ = {isa = PBXFileReference; lastKnownFileType = sourcecode.swift; path = ComponentDocsView.swift; sourceTree = "<group>"; };
		2100000000008041 /* ComponentDetailView.swift */ = {isa = PBXFileReference; lastKnownFileType = sourcecode.swift; path = ComponentDetailView.swift; sourceTree = "<group>"; };
		2100000000008042 /* ComponentEditorSheet.swift */ = {isa = PBXFileReference; lastKnownFileType = sourcecode.swift; path = ComponentEditorSheet.swift; sourceTree = "<group>"; };
		263FE3347FA8A538F6FC0A7E /* WizardStepView.swift */ = {isa = PBXFileReference; includeInIndex = 1; lastKnownFileType = sourcecode.swift; path = WizardStepView.swift; sourceTree = "<group>"; };
		266C9DEA5EC9731B495D1EB1 /* TemplateBrowserView.swift */ = {isa = PBXFileReference; includeInIndex = 1; lastKnownFileType = sourcecode.swift; path = TemplateBrowserView.swift; sourceTree = "<group>"; };
		2EEA153EE422D8CCCF0B8CCF /* ToolInstallRow.swift */ = {isa = PBXFileReference; includeInIndex = 1; lastKnownFileType = sourcecode.swift; path = ToolInstallRow.swift; sourceTree = "<group>"; };
		2F5C2CC187D00965B35B26CE /* DoctorState.swift */ = {isa = PBXFileReference; includeInIndex = 1; lastKnownFileType = sourcecode.swift; path = DoctorState.swift; sourceTree = "<group>"; };
		4767747AF743E827243BF421 /* TemplateSelectionView.swift */ = {isa = PBXFileReference; includeInIndex = 1; lastKnownFileType = sourcecode.swift; path = TemplateSelectionView.swift; sourceTree = "<group>"; };
		4A27B590A46B0A92600B5CAC /* NewProjectWizardView.swift */ = {isa = PBXFileReference; includeInIndex = 1; lastKnownFileType = sourcecode.swift; path = NewProjectWizardView.swift; sourceTree = "<group>"; };
		5200000000000001 /* DevFlow.app */ = {isa = PBXFileReference; explicitFileType = wrapper.application; includeInIndex = 0; path = DevFlow.app; sourceTree = BUILT_PRODUCTS_DIR; };
		5200000000000002 /* DevFlowTests.xctest */ = {isa = PBXFileReference; explicitFileType = wrapper.cfbundle; includeInIndex = 0; path = DevFlowTests.xctest; sourceTree = BUILT_PRODUCTS_DIR; };
		5200000000000003 /* DevFlowUITests.xctest */ = {isa = PBXFileReference; explicitFileType = wrapper.cfbundle; includeInIndex = 0; path = DevFlowUITests.xctest; sourceTree = BUILT_PRODUCTS_DIR; };
		568BF6AAA0CC98F18CB54E82 /* OCRService.swift */ = {isa = PBXFileReference; includeInIndex = 1; lastKnownFileType = sourcecode.swift; path = OCRService.swift; sourceTree = "<group>"; };
		5D44CDE3D5E684BD19BC1F1C /* AIStatusIndicator.swift */ = {isa = PBXFileReference; includeInIndex = 1; lastKnownFileType = sourcecode.swift; path = AIStatusIndicator.swift; sourceTree = "<group>"; };
		64401E396FFCC5FDEC9BADB4 /* WebFetchSheet.swift */ = {isa = PBXFileReference; includeInIndex = 1; lastKnownFileType = sourcecode.swift; path = WebFetchSheet.swift; sourceTree = "<group>"; };
		7E4148E15DF478232CD29BC3 /* DoctorSheet.swift */ = {isa = PBXFileReference; includeInIndex = 1; lastKnownFileType = sourcecode.swift; path = DoctorSheet.swift; sourceTree = "<group>"; };
		88898C2FC982D40F8CFE81DB /* AIModels.swift */ = {isa = PBXFileReference; includeInIndex = 1; lastKnownFileType = sourcecode.swift; path = AIModels.swift; sourceTree = "<group>"; };
		B711617BA2B50573A8C7F8F8 /* DoctorModels.swift */ = {isa = PBXFileReference; includeInIndex = 1; lastKnownFileType = sourcecode.swift; path = DoctorModels.swift; sourceTree = "<group>"; };
		CDFCACEDD4945DB1F46E4DEE /* ToolCheckView.swift */ = {isa = PBXFileReference; includeInIndex = 1; lastKnownFileType = sourcecode.swift; path = ToolCheckView.swift; sourceTree = "<group>"; };
		CE8BBDCE3DF7A909FD7CB582 /* PrivilegedInstaller.swift */ = {isa = PBXFileReference; includeInIndex = 1; lastKnownFileType = sourcecode.swift; path = PrivilegedInstaller.swift; sourceTree = "<group>"; };
		DD63F32E3DECD1FD1C72E47B /* ImportTemplateSheet.swift */ = {isa = PBXFileReference; includeInIndex = 1; lastKnownFileType = sourcecode.swift; path = ImportTemplateSheet.swift; sourceTree = "<group>"; };
		EB43F37ABCFB6E688549AAE1 /* CodeSearchView.swift */ = {isa = PBXFileReference; includeInIndex = 1; lastKnownFileType = sourcecode.swift; path = CodeSearchView.swift; sourceTree = "<group>"; };
		F14FFD82DD2B7CD871F445DD /* Tool.swift */ = {isa = PBXFileReference; includeInIndex = 1; lastKnownFileType = sourcecode.swift; path = Tool.swift; sourceTree = "<group>"; };
/* End PBXFileReference section */

/* Begin PBXFrameworksBuildPhase section */
		6100000000000001 /* Frameworks */ = {
			isa = PBXFrameworksBuildPhase;
			buildActionMask = 2147483647;
			files = (
				1100000000000400 /* Subprocess in Frameworks */,
			);
			runOnlyForDeploymentPostprocessing = 0;
		};
		6100000000000002 /* Frameworks */ = {
			isa = PBXFrameworksBuildPhase;
			buildActionMask = 2147483647;
			files = (
			);
			runOnlyForDeploymentPostprocessing = 0;
		};
		6100000000000003 /* Frameworks */ = {
			isa = PBXFrameworksBuildPhase;
			buildActionMask = 2147483647;
			files = (
			);
			runOnlyForDeploymentPostprocessing = 0;
		};
/* End PBXFrameworksBuildPhase section */

/* Begin PBXGroup section */
		0000000000000001 = {
			isa = PBXGroup;
			children = (
				7100000000000001 /* DevFlow */,
				7100000000000100 /* DevFlowTests */,
				7100000000000200 /* DevFlowUITests */,
				7100000000000300 /* Products */,
			);
			sourceTree = "<group>";
		};
		0AF5629CD7957B60F5C00088 /* AI */ = {
			isa = PBXGroup;
			children = (
				5D44CDE3D5E684BD19BC1F1C /* AIStatusIndicator.swift */,
			);
			path = AI;
			sourceTree = "<group>";
		};
		2AD4371EC0213C4FE983935A /* Doctor */ = {
			isa = PBXGroup;
			children = (
				7E4148E15DF478232CD29BC3 /* DoctorSheet.swift */,
			);
			name = Doctor;
			path = Doctor;
			sourceTree = "<group>";
		};
		52F846FD03EC90ACCF643464 /* Views */ = {
			isa = PBXGroup;
			children = (
				2AD4371EC0213C4FE983935A /* Doctor */,
			);
			name = Views;
			path = Views;
			sourceTree = "<group>";
		};
		6E995FBE0354539BE5AADBA7 /* Models */ = {
			isa = PBXGroup;
			children = (
				B711617BA2B50573A8C7F8F8 /* DoctorModels.swift */,
			);
			name = Models;
			path = Models;
			sourceTree = "<group>";
		};
		7100000000000001 /* DevFlow */ = {
			isa = PBXGroup;
			children = (
				2100000000000001 /* DevFlowApp.swift */,
				2100000000000002 /* ContentView.swift */,
				7100000000000010 /* Models */,
				7100000000000020 /* State */,
				7100000000000030 /* Services */,
				7100000000000040 /* Views */,
				7100000000000050 /* Resources */,
				6E995FBE0354539BE5AADBA7 /* Models */,
				BD972B2D510CD020D372F74F /* State */,
				52F846FD03EC90ACCF643464 /* Views */,
			);
			path = DevFlow;
			sourceTree = "<group>";
		};
		7100000000000010 /* Models */ = {
			isa = PBXGroup;
			children = (
				2100000000000010 /* Project.swift */,
				2100000000000011 /* InfraStatus.swift */,
				2100000000000012 /* GlobalConfig.swift */,
				2100000000000013 /* Notification.swift */,
				2100000000000014 /* Database.swift */,
				2100000000002001 /* Domain.swift */,
				F14FFD82DD2B7CD871F445DD /* Tool.swift */,
				13A9E1029E6F7DBBCB11F108 /* Template.swift */,
				2100000000001001 /* BrowsableTool.swift */,
				2100000000004001 /* LogEntry.swift */,
				2100000000004002 /* OperationResult.swift */,
				2100000000005001 /* Command.swift */,
				2100000000008001 /* AIAgent.swift */,
				2100000000008002 /* Documentation.swift */,
				2100000000008003 /* ComponentDoc.swift */,
				88898C2FC982D40F8CFE81DB /* AIModels.swift */,
				0102384BA6456E0E115FD333 /* CodeEntity.swift */,
			);
			path = Models;
			sourceTree = "<group>";
		};
		7100000000000020 /* State */ = {
			isa = PBXGroup;
			children = (
				2100000000000020 /* AppState.swift */,
				2100000000003001 /* NotificationState.swift */,
				2100000000003002 /* ConnectionState.swift */,
				2100000000003003 /* InfrastructureState.swift */,
				2100000000003004 /* ProjectsState.swift */,
				2100000000003005 /* SecretsState.swift */,
				2100000000003006 /* DatabaseState.swift */,
				2100000000003007 /* TemplatesState.swift */,
				2100000000003008 /* SetupState.swift */,
				2100000000003009 /* ToolBrowserState.swift */,
				2100000000003010 /* ConfigState.swift */,
				2100000000003011 /* LogsState.swift */,
				2100000000008010 /* AgentsState.swift */,
				2100000000008011 /* DocsState.swift */,
				2100000000008012 /* ComponentsState.swift */,
				170594A753CB875BC0B4CBEE /* AIState.swift */,
				048F5A60214A77868C9FFEC0 /* CodeState.swift */,
			);
			path = State;
			sourceTree = "<group>";
		};
		7100000000000030 /* Services */ = {
			isa = PBXGroup;
			children = (
				2100000000000030 /* PythonBridge.swift */,
				2100000000000031 /* RpcClient.swift */,
				CE8BBDCE3DF7A909FD7CB582 /* PrivilegedInstaller.swift */,
				568BF6AAA0CC98F18CB54E82 /* OCRService.swift */,
			);
			path = Services;
			sourceTree = "<group>";
		};
		7100000000000040 /* Views */ = {
			isa = PBXGroup;
			children = (
				7100000000000041 /* Dashboard */,
				7100000000000042 /* Infrastructure */,
				7100000000002000 /* Domains */,
				7100000000000043 /* Projects */,
				7100000000000047 /* Database */,
				7100000000000044 /* Secrets */,
				7100000000004000 /* Logs */,
				7100000000000045 /* Config */,
				7100000000000046 /* Components */,
				E0C5725A450814DCAC543043 /* Setup */,
				D21341A6417019F4D7BF7968 /* NewProject */,
				B86401BE835B5E6C21A287FD /* Templates */,
				7100000000001000 /* Tools */,
				7100000000005000 /* CommandPalette */,
				7100000000008000 /* Agents */,
				7100000000008100 /* Docs */,
				7100000000008200 /* ComponentDocs */,
				0AF5629CD7957B60F5C00088 /* AI */,
				B51BD6406A1B7F64547E2A76 /* Code */,
			);
			path = Views;
			sourceTree = "<group>";
		};
		7100000000000041 /* Dashboard */ = {
			isa = PBXGroup;
			children = (
				2100000000000040 /* DashboardView.swift */,
			);
			path = Dashboard;
			sourceTree = "<group>";
		};
		7100000000000042 /* Infrastructure */ = {
			isa = PBXGroup;
			children = (
				2100000000000050 /* InfrastructureView.swift */,
			);
			path = Infrastructure;
			sourceTree = "<group>";
		};
		7100000000000043 /* Projects */ = {
			isa = PBXGroup;
			children = (
				2100000000000060 /* ProjectsView.swift */,
				2100000000000061 /* ProjectDetailView.swift */,
				2100000000006001 /* ServicesGridView.swift */,
				2100000000006002 /* PortsTableView.swift */,
				2100000000006003 /* VolumesTableView.swift */,
			);
			path = Projects;
			sourceTree = "<group>";
		};
		7100000000000044 /* Secrets */ = {
			isa = PBXGroup;
			children = (
				2100000000000070 /* SecretsView.swift */,
			);
			path = Secrets;
			sourceTree = "<group>";
		};
		7100000000000045 /* Config */ = {
			isa = PBXGroup;
			children = (
				2100000000000080 /* ConfigView.swift */,
				2100000000007001 /* AppearanceSettingsView.swift */,
				2100000000007002 /* KeyboardShortcutsView.swift */,
				2100000000007003 /* DataManagementView.swift */,
			);
			path = Config;
			sourceTree = "<group>";
		};
		7100000000000046 /* Components */ = {
			isa = PBXGroup;
			children = (
				2100000000000090 /* StatusBadge.swift */,
				2100000000000091 /* StatCard.swift */,
				2100000000000092 /* NotificationBanner.swift */,
				2100000000000093 /* AddProjectSheet.swift */,
			);
			path = Components;
			sourceTree = "<group>";
		};
		7100000000000047 /* Database */ = {
			isa = PBXGroup;
			children = (
				2100000000000075 /* DatabaseView.swift */,
			);
			path = Database;
			sourceTree = "<group>";
		};
		7100000000000050 /* Resources */ = {
			isa = PBXGroup;
			children = (
				2100000000000100 /* Assets.xcassets */,
				2100000000000101 /* Info.plist */,
				2100000000000102 /* DevFlow.entitlements */,
			);
			path = Resources;
			sourceTree = "<group>";
		};
		7100000000000100 /* DevFlowTests */ = {
			isa = PBXGroup;
			children = (
				2100000000000200 /* RpcClientTests.swift */,
				2100000000000201 /* ModelTests.swift */,
			);
			path = DevFlowTests;
			sourceTree = "<group>";
		};
		7100000000000200 /* DevFlowUITests */ = {
			isa = PBXGroup;
			children = (
				2100000000000300 /* DevFlowUITests.swift */,
			);
			path = DevFlowUITests;
			sourceTree = "<group>";
		};
		7100000000000300 /* Products */ = {
			isa = PBXGroup;
			children = (
				5200000000000001 /* DevFlow.app */,
				5200000000000002 /* DevFlowTests.xctest */,
				5200000000000003 /* DevFlowUITests.xctest */,
			);
			name = Products;
			sourceTree = "<group>";
		};
		7100000000001000 /* Tools */ = {
			isa = PBXGroup;
			children = (
				2100000000001010 /* ToolBrowserView.swift */,
				2100000000001011 /* ToolSearchBar.swift */,
				2100000000001012 /* ToolFilterSheet.swift */,
				2100000000001013 /* ToolCard.swift */,
				2100000000001014 /* ToolDetailSheet.swift */,
			);
			path = Tools;
			sourceTree = "<group>";
		};
		7100000000002000 /* Domains */ = {
			isa = PBXGroup;
			children = (
				2100000000002010 /* AddDomainSheet.swift */,
			);
			path = Domains;
			sourceTree = "<group>";
		};
		7100000000004000 /* Logs */ = {
			isa = PBXGroup;
			children = (
				2100000000004010 /* LogViewerView.swift */,
			);
			path = Logs;
			sourceTree = "<group>";
		};
		7100000000005000 /* CommandPalette */ = {
			isa = PBXGroup;
			children = (
				2100000000005010 /* CommandPaletteView.swift */,
			);
			path = CommandPalette;
			sourceTree = "<group>";
		};
		7100000000008000 /* Agents */ = {
			isa = PBXGroup;
			children = (
				2100000000008020 /* AgentBrowserView.swift */,
				2100000000008021 /* AgentCard.swift */,
				2100000000008022 /* AgentDetailSheet.swift */,
				2100000000008023 /* ApiKeyConfigSheet.swift */,
			);
			path = Agents;
			sourceTree = "<group>";
		};
		7100000000008100 /* Docs */ = {
			isa = PBXGroup;
			children = (
				2100000000008030 /* DocsView.swift */,
				2100000000008031 /* DocUploadSheet.swift */,
				2100000000008032 /* DocDetailView.swift */,
				16D3BDD6D54B834FF3241766 /* ScanDocumentSheet.swift */,
				64401E396FFCC5FDEC9BADB4 /* WebFetchSheet.swift */,
			);
			path = Docs;
			sourceTree = "<group>";
		};
		7100000000008200 /* ComponentDocs */ = {
			isa = PBXGroup;
			children = (
				2100000000008040 /* ComponentDocsView.swift */,
				2100000000008041 /* ComponentDetailView.swift */,
				2100000000008042 /* ComponentEditorSheet.swift */,
			);
			path = ComponentDocs;
			sourceTree = "<group>";
		};
		B51BD6406A1B7F64547E2A76 /* Code */ = {
			isa = PBXGroup;
			children = (
				EB43F37ABCFB6E688549AAE1 /* CodeSearchView.swift */,
			);
			name = Code;
			path = Code;
			sourceTree = "<group>";
		};
		B86401BE835B5E6C21A287FD /* Templates */ = {
			isa = PBXGroup;
			children = (
				266C9DEA5EC9731B495D1EB1 /* TemplateBrowserView.swift */,
				DD63F32E3DECD1FD1C72E47B /* ImportTemplateSheet.swift */,
			);
			path = Templates;
			sourceTree = "<group>";
		};
		BD972B2D510CD020D372F74F /* State */ = {
			isa = PBXGroup;
			children = (
				2F5C2CC187D00965B35B26CE /* DoctorState.swift */,
			);
			name = State;
			path = State;
			sourceTree = "<group>";
		};
		D21341A6417019F4D7BF7968 /* NewProject */ = {
			isa = PBXGroup;
			children = (
				4A27B590A46B0A92600B5CAC /* NewProjectWizardView.swift */,
				4767747AF743E827243BF421 /* TemplateSelectionView.swift */,
				263FE3347FA8A538F6FC0A7E /* WizardStepView.swift */,
				CDFCACEDD4945DB1F46E4DEE /* ToolCheckView.swift */,
			);
			path = NewProject;
			sourceTree = "<group>";
		};
		E0C5725A450814DCAC543043 /* Setup */ = {
			isa = PBXGroup;
			children = (
				152F1B5B5ED27CC92FD09FA7 /* SetupWizardView.swift */,
				2EEA153EE422D8CCCF0B8CCF /* ToolInstallRow.swift */,
			);
			path = Setup;
			sourceTree = "<group>";
		};
/* End PBXGroup section */

/* Begin PBXNativeTarget section */
		5100000000000001 /* DevFlow */ = {
			isa = PBXNativeTarget;
			buildConfigurationList = 8100000000000001 /* Build configuration list for PBXNativeTarget "DevFlow" */;
			buildPhases = (
				6000000000000001 /* Sources */,
				6100000000000001 /* Frameworks */,
				6200000000000001 /* Resources */,
			);
			buildRules = (
			);
			dependencies = (
			);
			name = DevFlow;
			packageProductDependencies = (
				3100000000000001 /* Subprocess */,
			);
			productName = DevFlow;
			productReference = 5200000000000001 /* DevFlow.app */;
			productType = "com.apple.product-type.application";
		};
		5100000000000002 /* DevFlowTests */ = {
			isa = PBXNativeTarget;
			buildConfigurationList = 8100000000000002 /* Build configuration list for PBXNativeTarget "DevFlowTests" */;
			buildPhases = (
				6000000000000002 /* Sources */,
				6100000000000002 /* Frameworks */,
			);
			buildRules = (
			);
			dependencies = (
				4200000000000001 /* PBXTargetDependency */,
			);
			name = DevFlowTests;
			productName = DevFlowTests;
			productReference = 5200000000000002 /* DevFlowTests.xctest */;
			productType = "com.apple.product-type.bundle.unit-test";
		};
		5100000000000003 /* DevFlowUITests */ = {
			isa = PBXNativeTarget;
			buildConfigurationList = 8100000000000003 /* Build configuration list for PBXNativeTarget "DevFlowUITests" */;
			buildPhases = (
				6000000000000003 /* Sources */,
				6100000000000003 /* Frameworks */,
			);
			buildRules = (
			);
			dependencies = (
				4200000000000002 /* PBXTargetDependency */,
			);
			name = DevFlowUITests;
			productName = DevFlowUITests;
			productReference = 5200000000000003 /* DevFlowUITests.xctest */;
			productType = "com.apple.product-type.bundle.ui-testing";
		};
/* End PBXNativeTarget section */

/* Begin PBXProject section */
		0100000000000001 /* Project object */ = {
			isa = PBXProject;
			attributes = {
				BuildIndependentTargetsInParallel = 1;
				LastSwiftUpdateCheck = 1600;
				LastUpgradeCheck = 2620;
				TargetAttributes = {
					5100000000000001 = {
						CreatedOnToolsVersion = 16.0;
					};
					5100000000000002 = {
						CreatedOnToolsVersion = 16.0;
						TestTargetID = 5100000000000001;
					};
					5100000000000003 = {
						CreatedOnToolsVersion = 16.0;
						TestTargetID = 5100000000000001;
					};
				};
			};
			buildConfigurationList = 8000000000000001 /* Build configuration list for PBXProject "DevFlow" */;
			compatibilityVersion = "Xcode 14.0";
			developmentRegion = en;
			hasScannedForEncodings = 0;
			knownRegions = (
				en,
				Base,
			);
			mainGroup = 0000000000000001;
			packageReferences = (
				3000000000000001 /* XCRemoteSwiftPackageReference "swift-subprocess" */,
			);
			productRefGroup = 7100000000000300 /* Products */;
			projectDirPath = "";
			projectRoot = "";
			targets = (
				5100000000000001 /* DevFlow */,
				5100000000000002 /* DevFlowTests */,
				5100000000000003 /* DevFlowUITests */,
			);
		};
/* End PBXProject section */

/* Begin PBXResourcesBuildPhase section */
		6200000000000001 /* Resources */ = {
			isa = PBXResourcesBuildPhase;
			buildActionMask = 2147483647;
			files = (
				1100000000000100 /* Assets.xcassets in Resources */,
			);
			runOnlyForDeploymentPostprocessing = 0;
		};
/* End PBXResourcesBuildPhase section */

/* Begin PBXSourcesBuildPhase section */
		6000000000000001 /* Sources */ = {
			isa = PBXSourcesBuildPhase;
			buildActionMask = 2147483647;
			files = (
				1100000000000001 /* DevFlowApp.swift in Sources */,
				1100000000000002 /* ContentView.swift in Sources */,
				1100000000000010 /* Project.swift in Sources */,
				1100000000000011 /* InfraStatus.swift in Sources */,
				1100000000000012 /* GlobalConfig.swift in Sources */,
				1100000000000013 /* Notification.swift in Sources */,
				1100000000000014 /* Database.swift in Sources */,
				1100000000000020 /* AppState.swift in Sources */,
				1100000000000030 /* PythonBridge.swift in Sources */,
				1100000000000031 /* RpcClient.swift in Sources */,
				1100000000000040 /* DashboardView.swift in Sources */,
				1100000000000050 /* InfrastructureView.swift in Sources */,
				1100000000000060 /* ProjectsView.swift in Sources */,
				1100000000000061 /* ProjectDetailView.swift in Sources */,
				1100000000000075 /* DatabaseView.swift in Sources */,
				1100000000000070 /* SecretsView.swift in Sources */,
				1100000000000080 /* ConfigView.swift in Sources */,
				1100000000000090 /* StatusBadge.swift in Sources */,
				1100000000000091 /* StatCard.swift in Sources */,
				1100000000000092 /* NotificationBanner.swift in Sources */,
				1100000000000093 /* AddProjectSheet.swift in Sources */,
				BDF74396B681730D0A1E7AC1 /* Tool.swift in Sources */,
				91BC50FECB0198B033F4ED2B /* Template.swift in Sources */,
				2E9639F3021103DB81653F59 /* SetupWizardView.swift in Sources */,
				BD5F5B796DB2D96735417AC1 /* ToolInstallRow.swift in Sources */,
				3971216B6A2CE9FD40111A95 /* NewProjectWizardView.swift in Sources */,
				C3A5D7D6E3E88B2809953A74 /* TemplateSelectionView.swift in Sources */,
				A035C9588EC437B3D3EFC007 /* WizardStepView.swift in Sources */,
				B7544245E7AD74BD3DA01432 /* ToolCheckView.swift in Sources */,
				975839A8B6C9AD1F65D1A338 /* TemplateBrowserView.swift in Sources */,
				D52C4B8C554C2FAAA9300A2B /* ImportTemplateSheet.swift in Sources */,
				AEA1BA3A9E682D4CAC959235 /* PrivilegedInstaller.swift in Sources */,
				1100000000001001 /* BrowsableTool.swift in Sources */,
				1100000000001010 /* ToolBrowserView.swift in Sources */,
				1100000000001011 /* ToolSearchBar.swift in Sources */,
				1100000000001012 /* ToolFilterSheet.swift in Sources */,
				1100000000001013 /* ToolCard.swift in Sources */,
				1100000000001014 /* ToolDetailSheet.swift in Sources */,
				1100000000002001 /* Domain.swift in Sources */,
				1100000000002010 /* AddDomainSheet.swift in Sources */,
				1100000000003001 /* NotificationState.swift in Sources */,
				1100000000003002 /* ConnectionState.swift in Sources */,
				1100000000003003 /* InfrastructureState.swift in Sources */,
				1100000000003004 /* ProjectsState.swift in Sources */,
				1100000000003005 /* SecretsState.swift in Sources */,
				1100000000003006 /* DatabaseState.swift in Sources */,
				1100000000003007 /* TemplatesState.swift in Sources */,
				1100000000003008 /* SetupState.swift in Sources */,
				1100000000003009 /* ToolBrowserState.swift in Sources */,
				1100000000003010 /* ConfigState.swift in Sources */,
				1100000000003011 /* LogsState.swift in Sources */,
				1100000000004001 /* LogEntry.swift in Sources */,
				1100000000004010 /* LogViewerView.swift in Sources */,
				1100000000004002 /* OperationResult.swift in Sources */,
				1100000000005001 /* Command.swift in Sources */,
				1100000000005010 /* CommandPaletteView.swift in Sources */,
				1100000000006001 /* ServicesGridView.swift in Sources */,
				1100000000006002 /* PortsTableView.swift in Sources */,
				1100000000006003 /* VolumesTableView.swift in Sources */,
				1100000000007001 /* AppearanceSettingsView.swift in Sources */,
				1100000000007002 /* KeyboardShortcutsView.swift in Sources */,
				1100000000007003 /* DataManagementView.swift in Sources */,
				1100000000008001 /* AIAgent.swift in Sources */,
				1100000000008002 /* Documentation.swift in Sources */,
				1100000000008003 /* ComponentDoc.swift in Sources */,
				1100000000008010 /* AgentsState.swift in Sources */,
				1100000000008011 /* DocsState.swift in Sources */,
				1100000000008012 /* ComponentsState.swift in Sources */,
				1100000000008020 /* AgentBrowserView.swift in Sources */,
				1100000000008021 /* AgentCard.swift in Sources */,
				1100000000008022 /* AgentDetailSheet.swift in Sources */,
				1100000000008023 /* ApiKeyConfigSheet.swift in Sources */,
				1100000000008030 /* DocsView.swift in Sources */,
				1100000000008031 /* DocUploadSheet.swift in Sources */,
				1100000000008032 /* DocDetailView.swift in Sources */,
				1100000000008040 /* ComponentDocsView.swift in Sources */,
				1100000000008041 /* ComponentDetailView.swift in Sources */,
				1100000000008042 /* ComponentEditorSheet.swift in Sources */,
				12AB718A6B06529ED7B1B733 /* AIState.swift in Sources */,
				B402420924A075F145404F49 /* AIModels.swift in Sources */,
				D78846EFFFE2128DB5B2A9AB /* AIStatusIndicator.swift in Sources */,
				4F6497EC06D0ECA1ACFAF2BE /* ScanDocumentSheet.swift in Sources */,
				0D4D15D68227E6E9C3F0645C /* OCRService.swift in Sources */,
				D7897D15277190A3D2A3FA4D /* CodeEntity.swift in Sources */,
				C101AB5DA2C4265F37665A0C /* CodeState.swift in Sources */,
				4A23371FBAADC09B0B8E52A9 /* CodeSearchView.swift in Sources */,
				C0110A2B8883315C46471D0A /* WebFetchSheet.swift in Sources */,
				4163FDF664885A7B3B472A1D /* DoctorModels.swift in Sources */,
				D8F3946F8BAE781EFCECE1EA /* DoctorState.swift in Sources */,
				87C2C6786A4A5F1AE69C0B7F /* DoctorSheet.swift in Sources */,
			);
			runOnlyForDeploymentPostprocessing = 0;
		};
		6000000000000002 /* Sources */ = {
			isa = PBXSourcesBuildPhase;
			buildActionMask = 2147483647;
			files = (
				1100000000000200 /* RpcClientTests.swift in Sources */,
				1100000000000201 /* ModelTests.swift in Sources */,
			);
			runOnlyForDeploymentPostprocessing = 0;
		};
		6000000000000003 /* Sources */ = {
			isa = PBXSourcesBuildPhase;
			buildActionMask = 2147483647;
			files = (
				1100000000000300 /* DevFlowUITests.swift in Sources */,
			);
			runOnlyForDeploymentPostprocessing = 0;
		};
/* End PBXSourcesBuildPhase section */

/* Begin PBXTargetDependency section */
		4200000000000001 /* PBXTargetDependency */ = {
			isa = PBXTargetDependency;
			target = 5100000000000001 /* DevFlow */;
			targetProxy = 4100000000000001 /* PBXContainerItemProxy */;
		};
		4200000000000002 /* PBXTargetDependency */ = {
			isa = PBXTargetDependency;
			target = 5100000000000001 /* DevFlow */;
			targetProxy = 4100000000000002 /* PBXContainerItemProxy */;
		};
/* End PBXTargetDependency section */

/* Begin XCBuildConfiguration section */
		9000000000000001 /* Debug */ = {
			isa = XCBuildConfiguration;
			buildSettings = {
				ALWAYS_SEARCH_USER_PATHS = NO;
				ASSETCATALOG_COMPILER_GENERATE_SWIFT_ASSET_SYMBOL_EXTENSIONS = YES;
				CLANG_ANALYZER_NONNULL = YES;
				CLANG_ANALYZER_NUMBER_OBJECT_CONVERSION = YES_AGGRESSIVE;
				CLANG_CXX_LANGUAGE_STANDARD = "gnu++20";
				CLANG_ENABLE_MODULES = YES;
				CLANG_ENABLE_OBJC_ARC = YES;
				CLANG_ENABLE_OBJC_WEAK = YES;
				CLANG_WARN_BLOCK_CAPTURE_AUTORELEASING = YES;
				CLANG_WARN_BOOL_CONVERSION = YES;
				CLANG_WARN_COMMA = YES;
				CLANG_WARN_CONSTANT_CONVERSION = YES;
				CLANG_WARN_DEPRECATED_OBJC_IMPLEMENTATIONS = YES;
				CLANG_WARN_DIRECT_OBJC_ISA_USAGE = YES_ERROR;
				CLANG_WARN_DOCUMENTATION_COMMENTS = YES;
				CLANG_WARN_EMPTY_BODY = YES;
				CLANG_WARN_ENUM_CONVERSION = YES;
				CLANG_WARN_INFINITE_RECURSION = YES;
				CLANG_WARN_INT_CONVERSION = YES;
				CLANG_WARN_NON_LITERAL_NULL_CONVERSION = YES;
				CLANG_WARN_OBJC_IMPLICIT_RETAIN_SELF = YES;
				CLANG_WARN_OBJC_LITERAL_CONVERSION = YES;
				CLANG_WARN_OBJC_ROOT_CLASS = YES_ERROR;
				CLANG_WARN_QUOTED_INCLUDE_IN_FRAMEWORK_HEADER = YES;
				CLANG_WARN_RANGE_LOOP_ANALYSIS = YES;
				CLANG_WARN_STRICT_PROTOTYPES = YES;
				CLANG_WARN_SUSPICIOUS_MOVE = YES;
				CLANG_WARN_UNGUARDED_AVAILABILITY = YES_AGGRESSIVE;
				CLANG_WARN_UNREACHABLE_CODE = YES;
				CLANG_WARN__DUPLICATE_METHOD_MATCH = YES;
				COPY_PHASE_STRIP = NO;
				DEAD_CODE_STRIPPING = YES;
				DEBUG_INFORMATION_FORMAT = dwarf;
				ENABLE_STRICT_OBJC_MSGSEND = YES;
				ENABLE_TESTABILITY = YES;
				ENABLE_USER_SCRIPT_SANDBOXING = YES;
				GCC_C_LANGUAGE_STANDARD = gnu17;
				GCC_DYNAMIC_NO_PIC = NO;
				GCC_NO_COMMON_BLOCKS = YES;
				GCC_OPTIMIZATION_LEVEL = 0;
				GCC_PREPROCESSOR_DEFINITIONS = (
					"DEBUG=1",
					"$(inherited)",
				);
				GCC_WARN_64_TO_32_BIT_CONVERSION = YES;
				GCC_WARN_ABOUT_RETURN_TYPE = YES_ERROR;
				GCC_WARN_UNDECLARED_SELECTOR = YES;
				GCC_WARN_UNINITIALIZED_AUTOS = YES_AGGRESSIVE;
				GCC_WARN_UNUSED_FUNCTION = YES;
				GCC_WARN_UNUSED_VARIABLE = YES;
				LOCALIZATION_PREFERS_STRING_CATALOGS = YES;
				MACOSX_DEPLOYMENT_TARGET = 14.0;
				MTL_ENABLE_DEBUG_INFO = INCLUDE_SOURCE;
				MTL_FAST_MATH = YES;
				ONLY_ACTIVE_ARCH = YES;
				SDKROOT = macosx;
				STRING_CATALOG_GENERATE_SYMBOLS = YES;
				SWIFT_ACTIVE_COMPILATION_CONDITIONS = "DEBUG $(inherited)";
				SWIFT_OPTIMIZATION_LEVEL = "-Onone";
				SWIFT_VERSION = 6.0;
			};
			name = Debug;
		};
		9000000000000002 /* Release */ = {
			isa = XCBuildConfiguration;
			buildSettings = {
				ALWAYS_SEARCH_USER_PATHS = NO;
				ASSETCATALOG_COMPILER_GENERATE_SWIFT_ASSET_SYMBOL_EXTENSIONS = YES;
				CLANG_ANALYZER_NONNULL = YES;
				CLANG_ANALYZER_NUMBER_OBJECT_CONVERSION = YES_AGGRESSIVE;
				CLANG_CXX_LANGUAGE_STANDARD = "gnu++20";
				CLANG_ENABLE_MODULES = YES;
				CLANG_ENABLE_OBJC_ARC = YES;
				CLANG_ENABLE_OBJC_WEAK = YES;
				CLANG_WARN_BLOCK_CAPTURE_AUTORELEASING = YES;
				CLANG_WARN_BOOL_CONVERSION = YES;
				CLANG_WARN_COMMA = YES;
				CLANG_WARN_CONSTANT_CONVERSION = YES;
				CLANG_WARN_DEPRECATED_OBJC_IMPLEMENTATIONS = YES;
				CLANG_WARN_DIRECT_OBJC_ISA_USAGE = YES_ERROR;
				CLANG_WARN_DOCUMENTATION_COMMENTS = YES;
				CLANG_WARN_EMPTY_BODY = YES;
				CLANG_WARN_ENUM_CONVERSION = YES;
				CLANG_WARN_INFINITE_RECURSION = YES;
				CLANG_WARN_INT_CONVERSION = YES;
				CLANG_WARN_NON_LITERAL_NULL_CONVERSION = YES;
				CLANG_WARN_OBJC_IMPLICIT_RETAIN_SELF = YES;
				CLANG_WARN_OBJC_LITERAL_CONVERSION = YES;
				CLANG_WARN_OBJC_ROOT_CLASS = YES_ERROR;
				CLANG_WARN_QUOTED_INCLUDE_IN_FRAMEWORK_HEADER = YES;
				CLANG_WARN_RANGE_LOOP_ANALYSIS = YES;
				CLANG_WARN_STRICT_PROTOTYPES = YES;
				CLANG_WARN_SUSPICIOUS_MOVE = YES;
				CLANG_WARN_UNGUARDED_AVAILABILITY = YES_AGGRESSIVE;
				CLANG_WARN_UNREACHABLE_CODE = YES;
				CLANG_WARN__DUPLICATE_METHOD_MATCH = YES;
				COPY_PHASE_STRIP = NO;
				DEAD_CODE_STRIPPING = YES;
				DEBUG_INFORMATION_FORMAT = "dwarf-with-dsym";
				ENABLE_NS_ASSERTIONS = NO;
				ENABLE_STRICT_OBJC_MSGSEND = YES;
				ENABLE_USER_SCRIPT_SANDBOXING = YES;
				GCC_C_LANGUAGE_STANDARD = gnu17;
				GCC_NO_COMMON_BLOCKS = YES;
				GCC_WARN_64_TO_32_BIT_CONVERSION = YES;
				GCC_WARN_ABOUT_RETURN_TYPE = YES_ERROR;
				GCC_WARN_UNDECLARED_SELECTOR = YES;
				GCC_WARN_UNINITIALIZED_AUTOS = YES_AGGRESSIVE;
				GCC_WARN_UNUSED_FUNCTION = YES;
				GCC_WARN_UNUSED_VARIABLE = YES;
				LOCALIZATION_PREFERS_STRING_CATALOGS = YES;
				MACOSX_DEPLOYMENT_TARGET = 14.0;
				MTL_ENABLE_DEBUG_INFO = NO;
				MTL_FAST_MATH = YES;
				SDKROOT = macosx;
				STRING_CATALOG_GENERATE_SYMBOLS = YES;
				SWIFT_COMPILATION_MODE = wholemodule;
				SWIFT_VERSION = 6.0;
			};
			name = Release;
		};
		9100000000000001 /* Debug */ = {
			isa = XCBuildConfiguration;
			buildSettings = {
				ASSETCATALOG_COMPILER_APPICON_NAME = AppIcon;
				ASSETCATALOG_COMPILER_GLOBAL_ACCENT_COLOR_NAME = AccentColor;
				AUTOMATION_APPLE_EVENTS = YES;
				CODE_SIGN_ENTITLEMENTS = DevFlow/Resources/DevFlow.entitlements;
				CODE_SIGN_STYLE = Automatic;
				COMBINE_HIDPI_IMAGES = YES;
				CURRENT_PROJECT_VERSION = 1;
				DEAD_CODE_STRIPPING = YES;
				DEVELOPMENT_ASSET_PATHS = "";
				ENABLE_APP_SANDBOX = NO;
				ENABLE_HARDENED_RUNTIME = YES;
				ENABLE_INCOMING_NETWORK_CONNECTIONS = YES;
				ENABLE_OUTGOING_NETWORK_CONNECTIONS = YES;
				ENABLE_PREVIEWS = YES;
				ENABLE_USER_SELECTED_FILES = readwrite;
				GENERATE_INFOPLIST_FILE = YES;
				INFOPLIST_FILE = DevFlow/Resources/Info.plist;
				INFOPLIST_KEY_CFBundleDisplayName = DevFlow;
				INFOPLIST_KEY_LSApplicationCategoryType = "public.app-category.developer-tools";
				INFOPLIST_KEY_NSHumanReadableCopyright = "";
				LD_RUNPATH_SEARCH_PATHS = (
					"$(inherited)",
					"@executable_path/../Frameworks",
				);
				MARKETING_VERSION = 1.0.0;
				PRODUCT_BUNDLE_IDENTIFIER = com.devflow.app;
				PRODUCT_NAME = "$(TARGET_NAME)";
				SWIFT_EMIT_LOC_STRINGS = YES;
				SWIFT_VERSION = 6.0;
			};
			name = Debug;
		};
		9100000000000002 /* Release */ = {
			isa = XCBuildConfiguration;
			buildSettings = {
				ASSETCATALOG_COMPILER_APPICON_NAME = AppIcon;
				ASSETCATALOG_COMPILER_GLOBAL_ACCENT_COLOR_NAME = AccentColor;
				AUTOMATION_APPLE_EVENTS = YES;
				CODE_SIGN_ENTITLEMENTS = DevFlow/Resources/DevFlow.entitlements;
				CODE_SIGN_STYLE = Automatic;
				COMBINE_HIDPI_IMAGES = YES;
				CURRENT_PROJECT_VERSION = 1;
				DEAD_CODE_STRIPPING = YES;
				DEVELOPMENT_ASSET_PATHS = "";
				ENABLE_APP_SANDBOX = NO;
				ENABLE_HARDENED_RUNTIME = YES;
				ENABLE_INCOMING_NETWORK_CONNECTIONS = YES;
				ENABLE_OUTGOING_NETWORK_CONNECTIONS = YES;
				ENABLE_PREVIEWS = YES;
				ENABLE_USER_SELECTED_FILES = readwrite;
				GENERATE_INFOPLIST_FILE = YES;
				INFOPLIST_FILE = DevFlow/Resources/Info.plist;
				INFOPLIST_KEY_CFBundleDisplayName = DevFlow;
				INFOPLIST_KEY_LSApplicationCategoryType = "public.app-category.developer-tools";
				INFOPLIST_KEY_NSHumanReadableCopyright = "";
				LD_RUNPATH_SEARCH_PATHS = (
					"$(inherited)",
					"@executable_path/../Frameworks",
				);
				MARKETING_VERSION = 1.0.0;
				PRODUCT_BUNDLE_IDENTIFIER = com.devflow.app;
				PRODUCT_NAME = "$(TARGET_NAME)";
				SWIFT_EMIT_LOC_STRINGS = YES;
				SWIFT_VERSION = 6.0;
			};
			name = Release;
		};
		9200000000000001 /* Debug */ = {
			isa = XCBuildConfiguration;
			buildSettings = {
				BUNDLE_LOADER = "$(TEST_HOST)";
				CODE_SIGN_STYLE = Automatic;
				CURRENT_PROJECT_VERSION = 1;
				DEAD_CODE_STRIPPING = YES;
				GENERATE_INFOPLIST_FILE = YES;
				MACOSX_DEPLOYMENT_TARGET = 14.0;
				MARKETING_VERSION = 1.0;
				PRODUCT_BUNDLE_IDENTIFIER = com.devflow.DevFlowTests;
				PRODUCT_NAME = "$(TARGET_NAME)";
				SWIFT_EMIT_LOC_STRINGS = NO;
				SWIFT_VERSION = 6.0;
				TEST_HOST = "$(BUILT_PRODUCTS_DIR)/DevFlow.app/$(BUNDLE_EXECUTABLE_FOLDER_PATH)/DevFlow";
			};
			name = Debug;
		};
		9200000000000002 /* Release */ = {
			isa = XCBuildConfiguration;
			buildSettings = {
				BUNDLE_LOADER = "$(TEST_HOST)";
				CODE_SIGN_STYLE = Automatic;
				CURRENT_PROJECT_VERSION = 1;
				DEAD_CODE_STRIPPING = YES;
				GENERATE_INFOPLIST_FILE = YES;
				MACOSX_DEPLOYMENT_TARGET = 14.0;
				MARKETING_VERSION = 1.0;
				PRODUCT_BUNDLE_IDENTIFIER = com.devflow.DevFlowTests;
				PRODUCT_NAME = "$(TARGET_NAME)";
				SWIFT_EMIT_LOC_STRINGS = NO;
				SWIFT_VERSION = 6.0;
				TEST_HOST = "$(BUILT_PRODUCTS_DIR)/DevFlow.app/$(BUNDLE_EXECUTABLE_FOLDER_PATH)/DevFlow";
			};
			name = Release;
		};
		9300000000000001 /* Debug */ = {
			isa = XCBuildConfiguration;
			buildSettings = {
				CODE_SIGN_STYLE = Automatic;
				CURRENT_PROJECT_VERSION = 1;
				DEAD_CODE_STRIPPING = YES;
				GENERATE_INFOPLIST_FILE = YES;
				MACOSX_DEPLOYMENT_TARGET = 14.0;
				MARKETING_VERSION = 1.0;
				PRODUCT_BUNDLE_IDENTIFIER = com.devflow.DevFlowUITests;
				PRODUCT_NAME = "$(TARGET_NAME)";
				SWIFT_EMIT_LOC_STRINGS = NO;
				SWIFT_VERSION = 6.0;
				TEST_TARGET_NAME = DevFlow;
			};
			name = Debug;
		};
		9300000000000002 /* Release */ = {
			isa = XCBuildConfiguration;
			buildSettings = {
				CODE_SIGN_STYLE = Automatic;
				CURRENT_PROJECT_VERSION = 1;
				DEAD_CODE_STRIPPING = YES;
				GENERATE_INFOPLIST_FILE = YES;
				MACOSX_DEPLOYMENT_TARGET = 14.0;
				MARKETING_VERSION = 1.0;
				PRODUCT_BUNDLE_IDENTIFIER = com.devflow.DevFlowUITests;
				PRODUCT_NAME = "$(TARGET_NAME)";
				SWIFT_EMIT_LOC_STRINGS = NO;
				SWIFT_VERSION = 6.0;
				TEST_TARGET_NAME = DevFlow;
			};
			name = Release;
		};
/* End XCBuildConfiguration section */

/* Begin XCConfigurationList section */
		8000000000000001 /* Build configuration list for PBXProject "DevFlow" */ = {
			isa = XCConfigurationList;
			buildConfigurations = (
				9000000000000001 /* Debug */,
				9000000000000002 /* Release */,
			);
			defaultConfigurationIsVisible = 0;
			defaultConfigurationName = Release;
		};
		8100000000000001 /* Build configuration list for PBXNativeTarget "DevFlow" */ = {
			isa = XCConfigurationList;
			buildConfigurations = (
				9100000000000001 /* Debug */,
				9100000000000002 /* Release */,
			);
			defaultConfigurationIsVisible = 0;
			defaultConfigurationName = Release;
		};
		8100000000000002 /* Build configuration list for PBXNativeTarget "DevFlowTests" */ = {
			isa = XCConfigurationList;
			buildConfigurations = (
				9200000000000001 /* Debug */,
				9200000000000002 /* Release */,
			);
			defaultConfigurationIsVisible = 0;
			defaultConfigurationName = Release;
		};
		8100000000000003 /* Build configuration list for PBXNativeTarget "DevFlowUITests" */ = {
			isa = XCConfigurationList;
			buildConfigurations = (
				9300000000000001 /* Debug */,
				9300000000000002 /* Release */,
			);
			defaultConfigurationIsVisible = 0;
			defaultConfigurationName = Release;
		};
/* End XCConfigurationList section */

/* Begin XCRemoteSwiftPackageReference section */
		3000000000000001 /* XCRemoteSwiftPackageReference "swift-subprocess" */ = {
			isa = XCRemoteSwiftPackageReference;
			repositoryURL = "https://github.com/swiftlang/swift-subprocess.git";
			requirement = {
				kind = upToNextMajorVersion;
				minimumVersion = 0.1.0;
			};
		};
/* End XCRemoteSwiftPackageReference section */

/* Begin XCSwiftPackageProductDependency section */
		3100000000000001 /* Subprocess */ = {
			isa = XCSwiftPackageProductDependency;
			package = 3000000000000001 /* XCRemoteSwiftPackageReference "swift-subprocess" */;
			productName = Subprocess;
		};
/* End XCSwiftPackageProductDependency section */
	};
	rootObject = 0100000000000001 /* Project object */;
}
